# @generated - this file is auto-generated by `mise lock` https://mise.jdx.dev/dev-tools/mise-lock.html

[[tools.actionlint]]
version = "1.7.12"
backend = "aqua:rhysd/actionlint"

[tools.actionlint."platforms.linux-arm64"]
checksum = "sha256:325e971b6ba9bfa504672e29be93c24981eeb1c07576d730e9f7c8805afff0c6"
url = "https://github.com/rhysd/actionlint/releases/download/v1.7.12/actionlint_1.7.12_linux_arm64.tar.gz"
url_api = "https://api.github.com/repos/rhysd/actionlint/releases/assets/384924897"

[tools.actionlint."platforms.linux-arm64-musl"]
checksum = "sha256:325e971b6ba9bfa504672e29be93c24981eeb1c07576d730e9f7c8805afff0c6"
url = "https://github.com/rhysd/actionlint/releases/download/v1.7.12/actionlint_1.7.12_linux_arm64.tar.gz"
url_api = "https://api.github.com/repos/rhysd/actionlint/releases/assets/384924897"

[tools.actionlint."platforms.linux-x64"]
checksum = "sha256:8aca8db96f1b94770f1b0d72b6dddcb1ebb8123cb3712530b08cc387b349a3d8"
url = "https://github.com/rhysd/actionlint/releases/download/v1.7.12/actionlint_1.7.12_linux_amd64.tar.gz"
url_api = "https://api.github.com/repos/rhysd/actionlint/releases/assets/384924896"

[tools.actionlint."platforms.linux-x64-musl"]
checksum = "sha256:8aca8db96f1b94770f1b0d72b6dddcb1ebb8123cb3712530b08cc387b349a3d8"
url = "https://github.com/rhysd/actionlint/releases/download/v1.7.12/actionlint_1.7.12_linux_amd64.tar.gz"
url_api = "https://api.github.com/repos/rhysd/actionlint/releases/assets/384924896"

[tools.actionlint."platforms.macos-arm64"]
checksum = "sha256:aba9ced2dee8d27fecca3dc7feb1a7f9a52caefa1eb46f3271ea66b6e0e6953f"
url = "https://github.com/rhysd/actionlint/releases/download/v1.7.12/actionlint_1.7.12_darwin_arm64.tar.gz"
url_api = "https://api.github.com/repos/rhysd/actionlint/releases/assets/384924893"

[tools.actionlint."platforms.macos-x64"]
checksum = "sha256:5b44c3bc2255115c9b69e30efc0fecdf498fdb63c5d58e17084fd5f16324c644"
url = "https://github.com/rhysd/actionlint/releases/download/v1.7.12/actionlint_1.7.12_darwin_amd64.tar.gz"
url_api = "https://api.github.com/repos/rhysd/actionlint/releases/assets/384924880"

[tools.actionlint."platforms.windows-x64"]
checksum = "sha256:6e7241b51e6817ea6a047693d8e6fed13b31819c9a0dd6c5a726e1592d22f6e9"
url = "https://github.com/rhysd/actionlint/releases/download/v1.7.12/actionlint_1.7.12_windows_amd64.zip"
url_api = "https://api.github.com/repos/rhysd/actionlint/releases/assets/384924919"

[[tools.awscli]]
version = "2.37.9"
backend = "aqua:aws/aws-cli"

[tools.awscli."platforms.linux-arm64"]
url = "https://awscli.amazonaws.com/awscli-exe-linux-aarch64-2.37.9.zip"

[tools.awscli."platforms.linux-arm64-musl"]
url = "https://awscli.amazonaws.com/awscli-exe-linux-aarch64-2.37.9.zip"

[tools.awscli."platforms.linux-x64"]
url = "https://awscli.amazonaws.com/awscli-exe-linux-x86_64-2.37.9.zip"

[tools.awscli."platforms.linux-x64-musl"]
url = "https://awscli.amazonaws.com/awscli-exe-linux-x86_64-2.37.9.zip"

[tools.awscli."platforms.macos-arm64"]
url = "https://awscli.amazonaws.com/AWSCLIV2-2.37.9.pkg"

[tools.awscli."platforms.macos-x64"]
url = "https://awscli.amazonaws.com/AWSCLIV2-2.37.9.pkg"

[[tools.gh]]
version = "2.102.0"
backend = "aqua:cli/cli"

[tools.gh."platforms.linux-arm64"]
checksum = "sha256:7862c86c72f43df3a2d93ddde6f473285b4e2af61b494849846827e513ef6484"
url = "https://github.com/cli/cli/releases/download/v2.102.0/gh_2.102.0_linux_arm64.tar.gz"
url_api = "https://api.github.com/repos/cli/cli/releases/assets/599854680"

[tools.gh."platforms.linux-arm64-musl"]
checksum = "sha256:7862c86c72f43df3a2d93ddde6f473285b4e2af61b494849846827e513ef6484"
url = "https://github.com/cli/cli/releases/download/v2.102.0/gh_2.102.0_linux_arm64.tar.gz"
url_api = "https://api.github.com/repos/cli/cli/releases/assets/599854680"

[tools.gh."platforms.linux-x64"]
checksum = "sha256:bb766f710eef8ede859c18578c72c327597cd4c8a85b06001b1f3843c6019386"
url = "https://github.com/cli/cli/releases/download/v2.102.0/gh_2.102.0_linux_amd64.tar.gz"
url_api = "https://api.github.com/repos/cli/cli/releases/assets/599854672"

[tools.gh."platforms.linux-x64-musl"]
checksum = "sha256:bb766f710eef8ede859c18578c72c327597cd4c8a85b06001b1f3843c6019386"
url = "https://github.com/cli/cli/releases/download/v2.102.0/gh_2.102.0_linux_amd64.tar.gz"
url_api = "https://api.github.com/repos/cli/cli/releases/assets/599854672"

[tools.gh."platforms.macos-arm64"]
checksum = "sha256:da922c20d1792e5b2cbf375593d7a658acf034c12c84e007e71c76ef959c337e"
url = "https://github.com/cli/cli/releases/download/v2.102.0/gh_2.102.0_macOS_arm64.zip"
url_api = "https://api.github.com/repos/cli/cli/releases/assets/599854720"

[tools.gh."platforms.macos-x64"]
checksum = "sha256:b245f24eb2bf5f75b426b4c26da3651a107f8d5b6f4fddfbfccc5679041378b3"
url = "https://github.com/cli/cli/releases/download/v2.102.0/gh_2.102.0_macOS_amd64.zip"
url_api = "https://api.github.com/repos/cli/cli/releases/assets/599854716"

[tools.gh."platforms.windows-x64"]
checksum = "sha256:ae64e556ecc240b200f7eba60d550e4bb60d78e860e69dd88c449405b86067f4"
url = "https://github.com/cli/cli/releases/download/v2.102.0/gh_2.102.0_windows_amd64.zip"
url_api = "https://api.github.com/repos/cli/cli/releases/assets/599854760"

[[tools.glow]]
version = "3.0.0"
backend = "aqua:charmbracelet/glow"

[tools.glow."platforms.linux-arm64"]
checksum = "sha256:810c39f4691feb75e675a5f5f54b9fa091354e7599d9cf9c9fc9b97e47a99759"
url = "https://github.com/charmbracelet/glow/releases/download/v3.0.0/glow_3.0.0_Linux_arm64.tar.gz"
url_api = "https://api.github.com/repos/charmbracelet/glow/releases/assets/510466976"
provenance = "cosign"

[tools.glow."platforms.linux-arm64-musl"]
checksum = "sha256:810c39f4691feb75e675a5f5f54b9fa091354e7599d9cf9c9fc9b97e47a99759"
url = "https://github.com/charmbracelet/glow/releases/download/v3.0.0/glow_3.0.0_Linux_arm64.tar.gz"
url_api = "https://api.github.com/repos/charmbracelet/glow/releases/assets/510466976"
provenance = "cosign"

[tools.glow."platforms.linux-x64"]
checksum = "sha256:13e05e4b2acc18d2aee44291aefe6325b077ec321b631a0cfa780e8e3bc33f78"
url = "https://github.com/charmbracelet/glow/releases/download/v3.0.0/glow_3.0.0_Linux_x86_64.tar.gz"
url_api = "https://api.github.com/repos/charmbracelet/glow/releases/assets/510466923"
provenance = "cosign"

[tools.glow."platforms.linux-x64-musl"]
checksum = "sha256:13e05e4b2acc18d2aee44291aefe6325b077ec321b631a0cfa780e8e3bc33f78"
url = "https://github.com/charmbracelet/glow/releases/download/v3.0.0/glow_3.0.0_Linux_x86_64.tar.gz"
url_api = "https://api.github.com/repos/charmbracelet/glow/releases/assets/510466923"
provenance = "cosign"

[tools.glow."platforms.macos-arm64"]
checksum = "sha256:4b8a9a32412c0525e4c239e65171706fc5beb6d423608d99fe16788d47b345d3"
url = "https://github.com/charmbracelet/glow/releases/download/v3.0.0/glow_3.0.0_Darwin_arm64.tar.gz"
url_api = "https://api.github.com/repos/charmbracelet/glow/releases/assets/510466964"
provenance = "cosign"

[tools.glow."platforms.macos-x64"]
checksum = "sha256:b911b90622e686d44bc072112898584a601ed8353276b735835d8cdbcc27f660"
url = "https://github.com/charmbracelet/glow/releases/download/v3.0.0/glow_3.0.0_Darwin_x86_64.tar.gz"
url_api = "https://api.github.com/repos/charmbracelet/glow/releases/assets/510466986"
provenance = "cosign"

[tools.glow."platforms.windows-x64"]
checksum = "sha256:d8907e07436ecbb6738bc0e3bbf8aa6159e351f95082e9db3c3fc4200086f809"
url = "https://github.com/charmbracelet/glow/releases/download/v3.0.0/glow_3.0.0_Windows_x86_64.zip"
url_api = "https://api.github.com/repos/charmbracelet/glow/releases/assets/510466927"
provenance = "cosign"

[[tools.node]]
version = "26.10.0"
backend = "core:node"

[tools.node."platforms.linux-arm64"]
checksum = "sha256:423a41bff8e2a2fa15e702fefe2919ef95823b2378744daccb8439302534b44f"
url = "https://nodejs.org/dist/v26.10.0/node-v26.10.0-linux-arm64.tar.gz"

[tools.node."platforms.linux-arm64-musl"]
checksum = "sha256:d26027bff3197050d2a2b0bfa151b18e8378ed81affa2bf5093804db158979b6"
url = "https://unofficial-builds.nodejs.org/download/release/v26.10.0/node-v26.10.0-linux-arm64-musl.tar.gz"

[tools.node."platforms.linux-x64"]
checksum = "sha256:cb5c9ce9c80d7b8821e3a258543c71b939138cf17c74d5cc44bbe85d6dbc5ad8"
url = "https://nodejs.org/dist/v26.10.0/node-v26.10.0-linux-x64.tar.gz"

[tools.node."platforms.linux-x64-musl"]
checksum = "sha256:e42da94821b9422eb76bf5aaf4de0977e04ba320b8aff6148d895a94b08ee223"
url = "https://unofficial-builds.nodejs.org/download/release/v26.10.0/node-v26.10.0-linux-x64-musl.tar.gz"

[tools.node."platforms.macos-arm64"]
checksum = "sha256:751fdf7439f115d87ee2a8f3f18c065b6151852068e3e666ac60ac2996f75ac9"
url = "https://nodejs.org/dist/v26.10.0/node-v26.10.0-darwin-arm64.tar.gz"

[tools.node."platforms.macos-x64"]
checksum = "sha256:ebbe9ab9b58ad6bb54390d6e2c862c1afa7d4475fb7e8ae8146acde211bf70df"
url = "https://nodejs.org/dist/v26.10.0/node-v26.10.0-darwin-x64.tar.gz"

[tools.node."platforms.windows-x64"]
checksum = "sha256:9fef7eca6743a6b910989cd8e78712376b394fcb9b6e1e9c44a0799a287f90c5"
url = "https://nodejs.org/dist/v26.10.0/node-v26.10.0-win-x64.zip"

[[tools.opentofu]]
version = "1.13.1"
backend = "aqua:opentofu/opentofu"

[tools.opentofu."platforms.linux-arm64"]
checksum = "sha256:9c1ef375aa1852db0b2888aa921b640c71f8140d4682aa4fec99378a64fa7dc3"
url = "https://github.com/opentofu/opentofu/releases/download/v1.13.1/tofu_1.13.1_linux_arm64.tar.gz"
url_api = "https://api.github.com/repos/opentofu/opentofu/releases/assets/603708055"

[tools.opentofu."platforms.linux-arm64-musl"]
checksum = "sha256:9c1ef375aa1852db0b2888aa921b640c71f8140d4682aa4fec99378a64fa7dc3"
url = "https://github.com/opentofu/opentofu/releases/download/v1.13.1/tofu_1.13.1_linux_arm64.tar.gz"
url_api = "https://api.github.com/repos/opentofu/opentofu/releases/assets/603708055"

[tools.opentofu."platforms.linux-x64"]
checksum = "sha256:378ada19d4bc70c43732004e8159be771b23b9a5afdf059e5f8a2b3fa2c70a69"
url = "https://github.com/opentofu/opentofu/releases/download/v1.13.1/tofu_1.13.1_linux_amd64.tar.gz"
url_api = "https://api.github.com/repos/opentofu/opentofu/releases/assets/603708017"

[tools.opentofu."platforms.linux-x64-musl"]
checksum = "sha256:378ada19d4bc70c43732004e8159be771b23b9a5afdf059e5f8a2b3fa2c70a69"
url = "https://github.com/opentofu/opentofu/releases/download/v1.13.1/tofu_1.13.1_linux_amd64.tar.gz"
url_api = "https://api.github.com/repos/opentofu/opentofu/releases/assets/603708017"

[tools.opentofu."platforms.macos-arm64"]
checksum = "sha256:be78f659f04ef06a9dbd9b3934d46af95d787a3aa38396d459dea395261816a9"
url = "https://github.com/opentofu/opentofu/releases/download/v1.13.1/tofu_1.13.1_darwin_arm64.tar.gz"
url_api = "https://api.github.com/repos/opentofu/opentofu/releases/assets/603708059"

[tools.opentofu."platforms.macos-x64"]
checksum = "sha256:a73720443ba38712d7d96dc1e857add02c15a790919c653ad07492e9952f8c27"
url = "https://github.com/opentofu/opentofu/releases/download/v1.13.1/tofu_1.13.1_darwin_amd64.tar.gz"
url_api = "https://api.github.com/repos/opentofu/opentofu/releases/assets/603708142"

[tools.opentofu."platforms.windows-x64"]
checksum = "sha256:6825ae311e9a15747ce2ede7b7e97c8bb744a4d271fa8113259eeeee3d09438c"
url = "https://github.com/opentofu/opentofu/releases/download/v1.13.1/tofu_1.13.1_windows_amd64.tar.gz"
url_api = "https://api.github.com/repos/opentofu/opentofu/releases/assets/603708102"

[[tools.task]]
version = "3.54.0"
backend = "aqua:go-task/task"

[tools.task."platforms.linux-arm64"]
checksum = "sha256:d7189d439d4a6058e39e1b2acd7c8b27acd4856691b408f23b242e4294e1df5b"
url = "https://github.com/go-task/task/releases/download/v3.54.0/task_linux_arm64.tar.gz"
url_api = "https://api.github.com/repos/go-task/task/releases/assets/604090041"

[tools.task."platforms.linux-arm64-musl"]
checksum = "sha256:d7189d439d4a6058e39e1b2acd7c8b27acd4856691b408f23b242e4294e1df5b"
url = "https://github.com/go-task/task/releases/download/v3.54.0/task_linux_arm64.tar.gz"
url_api = "https://api.github.com/repos/go-task/task/releases/assets/604090041"

[tools.task."platforms.linux-x64"]
checksum = "sha256:680859dbb4d881a9c72d4d9a8f510825450849af8567deacd7302c01124416fb"
url = "https://github.com/go-task/task/releases/download/v3.54.0/task_linux_amd64.tar.gz"
url_api = "https://api.github.com/repos/go-task/task/releases/assets/604090073"

[tools.task."platforms.linux-x64-musl"]
checksum = "sha256:680859dbb4d881a9c72d4d9a8f510825450849af8567deacd7302c01124416fb"
url = "https://github.com/go-task/task/releases/download/v3.54.0/task_linux_amd64.tar.gz"
url_api = "https://api.github.com/repos/go-task/task/releases/assets/604090073"

[tools.task."platforms.macos-arm64"]
checksum = "sha256:12a69fcf37bb8d5bc9150c44f9a936775b73e59ff044c2c245232f198c135637"
url = "https://github.com/go-task/task/releases/download/v3.54.0/task_darwin_arm64.tar.gz"
url_api = "https://api.github.com/repos/go-task/task/releases/assets/604090068"

[tools.task."platforms.macos-x64"]
checksum = "sha256:0543b0844a725814c0412d3f4bed12873ce9ed0da207b15775f63a97d734aac0"
url = "https://github.com/go-task/task/releases/download/v3.54.0/task_darwin_amd64.tar.gz"
url_api = "https://api.github.com/repos/go-task/task/releases/assets/604090006"

[tools.task."platforms.windows-x64"]
checksum = "sha256:837f42f71899ea41d07a47acc81d4d6ea80cb41c68292345f915c656473efcb7"
url = "https://github.com/go-task/task/releases/download/v3.54.0/task_windows_amd64.zip"
url_api = "https://api.github.com/repos/go-task/task/releases/assets/604090005"

[[tools.terragrunt]]
version = "1.1.6"
backend = "aqua:gruntwork-io/terragrunt"

[tools.terragrunt."platforms.linux-arm64"]
checksum = "sha256:6f26b85e0befe77ac5f6777f810d8560e56a55cf87d9980fc2b9e29b2d347377"
url = "https://github.com/gruntwork-io/terragrunt/releases/download/v1.1.6/terragrunt_linux_arm64.tar.gz"
url_api = "https://api.github.com/repos/gruntwork-io/terragrunt/releases/assets/579002232"

[tools.terragrunt."platforms.linux-arm64-musl"]
checksum = "sha256:6f26b85e0befe77ac5f6777f810d8560e56a55cf87d9980fc2b9e29b2d347377"
url = "https://github.com/gruntwork-io/terragrunt/releases/download/v1.1.6/terragrunt_linux_arm64.tar.gz"
url_api = "https://api.github.com/repos/gruntwork-io/terragrunt/releases/assets/579002232"

[tools.terragrunt."platforms.linux-x64"]
checksum = "sha256:5dca0e3518445199ecfd8c356532e3f134bf3082b092cd2fd61f143ab9ea7a06"
url = "https://github.com/gruntwork-io/terragrunt/releases/download/v1.1.6/terragrunt_linux_amd64.tar.gz"
url_api = "https://api.github.com/repos/gruntwork-io/terragrunt/releases/assets/579002043"

[tools.terragrunt."platforms.linux-x64-musl"]
checksum = "sha256:5dca0e3518445199ecfd8c356532e3f134bf3082b092cd2fd61f143ab9ea7a06"
url = "https://github.com/gruntwork-io/terragrunt/releases/download/v1.1.6/terragrunt_linux_amd64.tar.gz"
url_api = "https://api.github.com/repos/gruntwork-io/terragrunt/releases/assets/579002043"

[tools.terragrunt."platforms.macos-arm64"]
checksum = "sha256:c801b7c085a893ccbc5b9844522415e7bf1486d0a11341db793e76e61dc4c5f5"
url = "https://github.com/gruntwork-io/terragrunt/releases/download/v1.1.6/terragrunt_darwin_arm64.tar.gz"
url_api = "https://api.github.com/repos/gruntwork-io/terragrunt/releases/assets/579001652"

[tools.terragrunt."platforms.macos-x64"]
checksum = "sha256:bcf9f95a8ff2af20998a7baca477a5ea2b2869c86ca4d4d787c619612b00d257"
url = "https://github.com/gruntwork-io/terragrunt/releases/download/v1.1.6/terragrunt_darwin_amd64.tar.gz"
url_api = "https://api.github.com/repos/gruntwork-io/terragrunt/releases/assets/579001440"

[tools.terragrunt."platforms.windows-x64"]
checksum = "sha256:0f71dae898d43e50a5935c4e74062c53253c0c8e4aded0ccb302a7ae6fdceaa3"
url = "https://github.com/gruntwork-io/terragrunt/releases/download/v1.1.6/terragrunt_windows_amd64.exe.tar.gz"
url_api = "https://api.github.com/repos/gruntwork-io/terragrunt/releases/assets/579002572"

[[tools.uv]]
version = "0.12.22"
backend = "aqua:astral-sh/uv"

[tools.uv."platforms.linux-arm64"]
checksum = "sha256:228bd32c180421a94eef91378a92b2dd63c768bd278430e833250524c4a13382"
url = "https://github.com/astral-sh/uv/releases/download/0.12.22/uv-aarch64-unknown-linux-musl.tar.gz"
url_api = "https://api.github.com/repos/astral-sh/uv/releases/assets/604418325"

[tools.uv."platforms.linux-arm64-musl"]
checksum = "sha256:228bd32c180421a94eef91378a92b2dd63c768bd278430e833250524c4a13382"
url = "https://github.com/astral-sh/uv/releases/download/0.12.22/uv-aarch64-unknown-linux-musl.tar.gz"
url_api = "https://api.github.com/repos/astral-sh/uv/releases/assets/604418325"

[tools.uv."platforms.linux-x64"]
checksum = "sha256:a50fd68c653b0cfb1c85e0a7db62cb78cf5c22b6f3dcf3ae173e5f222d084470"
url = "https://github.com/astral-sh/uv/releases/download/0.12.22/uv-x86_64-unknown-linux-musl.tar.gz"
url_api = "https://api.github.com/repos/astral-sh/uv/releases/assets/604418476"

[tools.uv."platforms.linux-x64-musl"]
checksum = "sha256:a50fd68c653b0cfb1c85e0a7db62cb78cf5c22b6f3dcf3ae173e5f222d084470"
url = "https://github.com/astral-sh/uv/releases/download/0.12.22/uv-x86_64-unknown-linux-musl.tar.gz"
url_api = "https://api.github.com/repos/astral-sh/uv/releases/assets/604418476"

[tools.uv."platforms.macos-arm64"]
checksum = "sha256:5d714de09501a59393ceca78f4bc232a50478729640d251907160299b2a93ddd"
url = "https://github.com/astral-sh/uv/releases/download/0.12.22/uv-aarch64-apple-darwin.tar.gz"
url_api = "https://api.github.com/repos/astral-sh/uv/releases/assets/604418308"

[tools.uv."platforms.macos-x64"]
checksum = "sha256:1b8a5b316883df2daf20fb9a446e5b230e01d947d57aba2694977c5ac5a7e98c"
url = "https://github.com/astral-sh/uv/releases/download/0.12.22/uv-x86_64-apple-darwin.tar.gz"
url_api = "https://api.github.com/repos/astral-sh/uv/releases/assets/604418427"

[tools.uv."platforms.windows-x64"]
checksum = "sha256:ea1397797a0ca15f63516dd0f49c2dde9776db9be5861cab152ebe8ad199894d"
url = "https://github.com/astral-sh/uv/releases/download/0.12.22/uv-x86_64-pc-windows-msvc.zip"
url_api = "https://api.github.com/repos/astral-sh/uv/releases/assets/604418443"

[[tools.yamlfmt]]
version = "0.21.0"
backend = "aqua:google/yamlfmt"

[tools.yamlfmt."platforms.linux-arm64"]
checksum = "sha256:5b2689c963b177271330c5ce8ca7396751107e5a826be46f03d2cb9b6f0c7784"
url = "https://github.com/google/yamlfmt/releases/download/v0.21.0/yamlfmt_0.21.0_Linux_arm64.tar.gz"
url_api = "https://api.github.com/repos/google/yamlfmt/releases/assets/336650208"

[tools.yamlfmt."platforms.linux-arm64-musl"]
checksum = "sha256:5b2689c963b177271330c5ce8ca7396751107e5a826be46f03d2cb9b6f0c7784"
url = "https://github.com/google/yamlfmt/releases/download/v0.21.0/yamlfmt_0.21.0_Linux_arm64.tar.gz"
url_api = "https://api.github.com/repos/google/yamlfmt/releases/assets/336650208"

[tools.yamlfmt."platforms.linux-x64"]
checksum = "sha256:1f300d9257b232bb3b541d7fb1b0e6b3c121bcbab381c86cd38cb8722be8a566"
url = "https://github.com/google/yamlfmt/releases/download/v0.21.0/yamlfmt_0.21.0_Linux_x86_64.tar.gz"
url_api = "https://api.github.com/repos/google/yamlfmt/releases/assets/336650203"

[tools.yamlfmt."platforms.linux-x64-musl"]
checksum = "sha256:1f300d9257b232bb3b541d7fb1b0e6b3c121bcbab381c86cd38cb8722be8a566"
url = "https://github.com/google/yamlfmt/releases/download/v0.21.0/yamlfmt_0.21.0_Linux_x86_64.tar.gz"
url_api = "https://api.github.com/repos/google/yamlfmt/releases/assets/336650203"

[tools.yamlfmt."platforms.macos-arm64"]
checksum = "sha256:4b417ecb94339d57e4c122ecc948c1a00fe328b5853266de9806e652a92858fa"
url = "https://github.com/google/yamlfmt/releases/download/v0.21.0/yamlfmt_0.21.0_Darwin_arm64.tar.gz"
url_api = "https://api.github.com/repos/google/yamlfmt/releases/assets/336650209"

[tools.yamlfmt."platforms.macos-x64"]
checksum = "sha256:060e943bcb8583c456810eb1ff4721b4f46c4a0c1a4432449d5dc3bbfe29a22b"
url = "https://github.com/google/yamlfmt/releases/download/v0.21.0/yamlfmt_0.21.0_Darwin_x86_64.tar.gz"
url_api = "https://api.github.com/repos/google/yamlfmt/releases/assets/336650207"

[tools.yamlfmt."platforms.windows-x64"]
checksum = "sha256:07f80ce5d741eb4b0a9380ac78a19c7cb5bd44e2a9a47a5a04839e3ba54dd463"
url = "https://github.com/google/yamlfmt/releases/download/v0.21.0/yamlfmt_0.21.0_Windows_x86_64.tar.gz"
url_api = "https://api.github.com/repos/google/yamlfmt/releases/assets/336650206"
