# @generated - this file is auto-generated by `mise lock` https://mise.jdx.dev/dev-tools/mise-lock.html

[[tools.actionlint]]
version = "1.7.12"
backend = "aqua:rhysd/actionlint"

[tools.actionlint."platforms.linux-arm64"]
checksum = "sha256:325e971b6ba9bfa504672e29be93c24981eeb1c07576d730e9f7c8805afff0c6"
url = "https://github.com/rhysd/actionlint/releases/download/v1.7.12/actionlint_1.7.12_linux_arm64.tar.gz"
url_api = "https://api.github.com/repos/rhysd/actionlint/releases/assets/384924897"

[tools.actionlint."platforms.linux-arm64-musl"]
checksum = "sha256:325e971b6ba9bfa504672e29be93c24981eeb1c07576d730e9f7c8805afff0c6"
url = "https://github.com/rhysd/actionlint/releases/download/v1.7.12/actionlint_1.7.12_linux_arm64.tar.gz"
url_api = "https://api.github.com/repos/rhysd/actionlint/releases/assets/384924897"

[tools.actionlint."platforms.linux-x64"]
checksum = "sha256:8aca8db96f1b94770f1b0d72b6dddcb1ebb8123cb3712530b08cc387b349a3d8"
url = "https://github.com/rhysd/actionlint/releases/download/v1.7.12/actionlint_1.7.12_linux_amd64.tar.gz"
url_api = "https://api.github.com/repos/rhysd/actionlint/releases/assets/384924896"

[tools.actionlint."platforms.linux-x64-musl"]
checksum = "sha256:8aca8db96f1b94770f1b0d72b6dddcb1ebb8123cb3712530b08cc387b349a3d8"
url = "https://github.com/rhysd/actionlint/releases/download/v1.7.12/actionlint_1.7.12_linux_amd64.tar.gz"
url_api = "https://api.github.com/repos/rhysd/actionlint/releases/assets/384924896"

[tools.actionlint."platforms.macos-arm64"]
checksum = "sha256:aba9ced2dee8d27fecca3dc7feb1a7f9a52caefa1eb46f3271ea66b6e0e6953f"
url = "https://github.com/rhysd/actionlint/releases/download/v1.7.12/actionlint_1.7.12_darwin_arm64.tar.gz"
url_api = "https://api.github.com/repos/rhysd/actionlint/releases/assets/384924893"

[tools.actionlint."platforms.macos-x64"]
checksum = "sha256:5b44c3bc2255115c9b69e30efc0fecdf498fdb63c5d58e17084fd5f16324c644"
url = "https://github.com/rhysd/actionlint/releases/download/v1.7.12/actionlint_1.7.12_darwin_amd64.tar.gz"
url_api = "https://api.github.com/repos/rhysd/actionlint/releases/assets/384924880"

[tools.actionlint."platforms.windows-x64"]
checksum = "sha256:6e7241b51e6817ea6a047693d8e6fed13b31819c9a0dd6c5a726e1592d22f6e9"
url = "https://github.com/rhysd/actionlint/releases/download/v1.7.12/actionlint_1.7.12_windows_amd64.zip"
url_api = "https://api.github.com/repos/rhysd/actionlint/releases/assets/384924919"

[[tools.awscli]]
version = "2.37.0"
backend = "aqua:aws/aws-cli"

[tools.awscli."platforms.linux-arm64"]
url = "https://awscli.amazonaws.com/awscli-exe-linux-aarch64-2.37.0.zip"

[tools.awscli."platforms.linux-arm64-musl"]
url = "https://awscli.amazonaws.com/awscli-exe-linux-aarch64-2.37.0.zip"

[tools.awscli."platforms.linux-x64"]
url = "https://awscli.amazonaws.com/awscli-exe-linux-x86_64-2.37.0.zip"

[tools.awscli."platforms.linux-x64-musl"]
url = "https://awscli.amazonaws.com/awscli-exe-linux-x86_64-2.37.0.zip"

[tools.awscli."platforms.macos-arm64"]
url = "https://awscli.amazonaws.com/AWSCLIV2-2.37.0.pkg"

[tools.awscli."platforms.macos-x64"]
url = "https://awscli.amazonaws.com/AWSCLIV2-2.37.0.pkg"

[[tools.gh]]
version = "2.101.0"
backend = "aqua:cli/cli"

[tools.gh."platforms.linux-arm64"]
checksum = "sha256:b57e8063f18862647c9d22727c32e9da1b963f8bf9db648fe123a6975695640f"
url = "https://github.com/cli/cli/releases/download/v2.101.0/gh_2.101.0_linux_arm64.tar.gz"
url_api = "https://api.github.com/repos/cli/cli/releases/assets/565857147"

[tools.gh."platforms.linux-arm64-musl"]
checksum = "sha256:b57e8063f18862647c9d22727c32e9da1b963f8bf9db648fe123a6975695640f"
url = "https://github.com/cli/cli/releases/download/v2.101.0/gh_2.101.0_linux_arm64.tar.gz"
url_api = "https://api.github.com/repos/cli/cli/releases/assets/565857147"

[tools.gh."platforms.linux-x64"]
checksum = "sha256:9bca2d1c16825f109907a23307628a2f0698fbf99662b73a5cf0b020293072b8"
url = "https://github.com/cli/cli/releases/download/v2.101.0/gh_2.101.0_linux_amd64.tar.gz"
url_api = "https://api.github.com/repos/cli/cli/releases/assets/565857134"

[tools.gh."platforms.linux-x64-musl"]
checksum = "sha256:9bca2d1c16825f109907a23307628a2f0698fbf99662b73a5cf0b020293072b8"
url = "https://github.com/cli/cli/releases/download/v2.101.0/gh_2.101.0_linux_amd64.tar.gz"
url_api = "https://api.github.com/repos/cli/cli/releases/assets/565857134"

[tools.gh."platforms.macos-arm64"]
checksum = "sha256:e4303e39d8f07141c4bad4b99b01079f05029c59b27076e8fbc825c985ecdd8b"
url = "https://github.com/cli/cli/releases/download/v2.101.0/gh_2.101.0_macOS_arm64.zip"
url_api = "https://api.github.com/repos/cli/cli/releases/assets/565857200"

[tools.gh."platforms.macos-x64"]
checksum = "sha256:a6fd66c88e2f07d6e4e058173db341d07dd74d58cf8f19ae668293d2bb614ca3"
url = "https://github.com/cli/cli/releases/download/v2.101.0/gh_2.101.0_macOS_amd64.zip"
url_api = "https://api.github.com/repos/cli/cli/releases/assets/565857203"

[tools.gh."platforms.windows-x64"]
checksum = "sha256:bc6c814367b193cd8e713611d61e36013c0ef843b8f516458fe3eda039192794"
url = "https://github.com/cli/cli/releases/download/v2.101.0/gh_2.101.0_windows_amd64.zip"
url_api = "https://api.github.com/repos/cli/cli/releases/assets/565857681"

[[tools.glow]]
version = "3.0.0"
backend = "aqua:charmbracelet/glow"

[tools.glow."platforms.linux-arm64"]
checksum = "sha256:810c39f4691feb75e675a5f5f54b9fa091354e7599d9cf9c9fc9b97e47a99759"
url = "https://github.com/charmbracelet/glow/releases/download/v3.0.0/glow_3.0.0_Linux_arm64.tar.gz"
url_api = "https://api.github.com/repos/charmbracelet/glow/releases/assets/510466976"
provenance = "cosign"

[tools.glow."platforms.linux-arm64-musl"]
checksum = "sha256:810c39f4691feb75e675a5f5f54b9fa091354e7599d9cf9c9fc9b97e47a99759"
url = "https://github.com/charmbracelet/glow/releases/download/v3.0.0/glow_3.0.0_Linux_arm64.tar.gz"
url_api = "https://api.github.com/repos/charmbracelet/glow/releases/assets/510466976"
provenance = "cosign"

[tools.glow."platforms.linux-x64"]
checksum = "sha256:13e05e4b2acc18d2aee44291aefe6325b077ec321b631a0cfa780e8e3bc33f78"
url = "https://github.com/charmbracelet/glow/releases/download/v3.0.0/glow_3.0.0_Linux_x86_64.tar.gz"
url_api = "https://api.github.com/repos/charmbracelet/glow/releases/assets/510466923"
provenance = "cosign"

[tools.glow."platforms.linux-x64-musl"]
checksum = "sha256:13e05e4b2acc18d2aee44291aefe6325b077ec321b631a0cfa780e8e3bc33f78"
url = "https://github.com/charmbracelet/glow/releases/download/v3.0.0/glow_3.0.0_Linux_x86_64.tar.gz"
url_api = "https://api.github.com/repos/charmbracelet/glow/releases/assets/510466923"
provenance = "cosign"

[tools.glow."platforms.macos-arm64"]
checksum = "sha256:4b8a9a32412c0525e4c239e65171706fc5beb6d423608d99fe16788d47b345d3"
url = "https://github.com/charmbracelet/glow/releases/download/v3.0.0/glow_3.0.0_Darwin_arm64.tar.gz"
url_api = "https://api.github.com/repos/charmbracelet/glow/releases/assets/510466964"
provenance = "cosign"

[tools.glow."platforms.macos-x64"]
checksum = "sha256:b911b90622e686d44bc072112898584a601ed8353276b735835d8cdbcc27f660"
url = "https://github.com/charmbracelet/glow/releases/download/v3.0.0/glow_3.0.0_Darwin_x86_64.tar.gz"
url_api = "https://api.github.com/repos/charmbracelet/glow/releases/assets/510466986"
provenance = "cosign"

[tools.glow."platforms.windows-x64"]
checksum = "sha256:d8907e07436ecbb6738bc0e3bbf8aa6159e351f95082e9db3c3fc4200086f809"
url = "https://github.com/charmbracelet/glow/releases/download/v3.0.0/glow_3.0.0_Windows_x86_64.zip"
url_api = "https://api.github.com/repos/charmbracelet/glow/releases/assets/510466927"
provenance = "cosign"

[[tools.node]]
version = "26.10.0"
backend = "core:node"

[tools.node."platforms.linux-arm64"]
checksum = "sha256:423a41bff8e2a2fa15e702fefe2919ef95823b2378744daccb8439302534b44f"
url = "https://nodejs.org/dist/v26.10.0/node-v26.10.0-linux-arm64.tar.gz"

[tools.node."platforms.linux-arm64-musl"]
checksum = "sha256:d26027bff3197050d2a2b0bfa151b18e8378ed81affa2bf5093804db158979b6"
url = "https://unofficial-builds.nodejs.org/download/release/v26.10.0/node-v26.10.0-linux-arm64-musl.tar.gz"

[tools.node."platforms.linux-x64"]
checksum = "sha256:cb5c9ce9c80d7b8821e3a258543c71b939138cf17c74d5cc44bbe85d6dbc5ad8"
url = "https://nodejs.org/dist/v26.10.0/node-v26.10.0-linux-x64.tar.gz"

[tools.node."platforms.linux-x64-musl"]
checksum = "sha256:e42da94821b9422eb76bf5aaf4de0977e04ba320b8aff6148d895a94b08ee223"
url = "https://unofficial-builds.nodejs.org/download/release/v26.10.0/node-v26.10.0-linux-x64-musl.tar.gz"

[tools.node."platforms.macos-arm64"]
checksum = "sha256:751fdf7439f115d87ee2a8f3f18c065b6151852068e3e666ac60ac2996f75ac9"
url = "https://nodejs.org/dist/v26.10.0/node-v26.10.0-darwin-arm64.tar.gz"

[tools.node."platforms.macos-x64"]
checksum = "sha256:ebbe9ab9b58ad6bb54390d6e2c862c1afa7d4475fb7e8ae8146acde211bf70df"
url = "https://nodejs.org/dist/v26.10.0/node-v26.10.0-darwin-x64.tar.gz"

[tools.node."platforms.windows-x64"]
checksum = "sha256:9fef7eca6743a6b910989cd8e78712376b394fcb9b6e1e9c44a0799a287f90c5"
url = "https://nodejs.org/dist/v26.10.0/node-v26.10.0-win-x64.zip"

[[tools.op]]
version = "2.34.0"
backend = "vfox:op"

[tools.op."platforms.linux-arm64"]
url = "https://cache.agilebits.com/dist/1P/op2/pkg/v2.34.0/op_linux_arm64_v2.34.0.zip"

[tools.op."platforms.linux-arm64-musl"]
url = "https://cache.agilebits.com/dist/1P/op2/pkg/v2.34.0/op_linux_arm64_v2.34.0.zip"

[tools.op."platforms.linux-x64"]
url = "https://cache.agilebits.com/dist/1P/op2/pkg/v2.34.0/op_linux_amd64_v2.34.0.zip"

[tools.op."platforms.linux-x64-musl"]
url = "https://cache.agilebits.com/dist/1P/op2/pkg/v2.34.0/op_linux_amd64_v2.34.0.zip"

[tools.op."platforms.macos-arm64"]
url = "https://cache.agilebits.com/dist/1P/op2/pkg/v2.34.0/op_darwin_arm64_v2.34.0.zip"

[tools.op."platforms.macos-x64"]
url = "https://cache.agilebits.com/dist/1P/op2/pkg/v2.34.0/op_darwin_amd64_v2.34.0.zip"

[tools.op."platforms.windows-x64"]
url = "https://cache.agilebits.com/dist/1P/op2/pkg/v2.34.0/op_windows_amd64_v2.34.0.zip"

[[tools.opentofu]]
version = "1.12.6"
backend = "aqua:opentofu/opentofu"

[tools.opentofu."platforms.linux-arm64"]
checksum = "sha256:9bd0228a81bcd0c88f7045c74378f45a815779f19897191dff7d9efba9976b9e"
url = "https://github.com/opentofu/opentofu/releases/download/v1.12.6/tofu_1.12.6_linux_arm64.tar.gz"
url_api = "https://api.github.com/repos/opentofu/opentofu/releases/assets/520762688"

[tools.opentofu."platforms.linux-arm64-musl"]
checksum = "sha256:9bd0228a81bcd0c88f7045c74378f45a815779f19897191dff7d9efba9976b9e"
url = "https://github.com/opentofu/opentofu/releases/download/v1.12.6/tofu_1.12.6_linux_arm64.tar.gz"
url_api = "https://api.github.com/repos/opentofu/opentofu/releases/assets/520762688"

[tools.opentofu."platforms.linux-x64"]
checksum = "sha256:50a6106fa4de523d09c87af85f3db1dd47535fc005727fdca6852146476b88ec"
url = "https://github.com/opentofu/opentofu/releases/download/v1.12.6/tofu_1.12.6_linux_amd64.tar.gz"
url_api = "https://api.github.com/repos/opentofu/opentofu/releases/assets/520762723"

[tools.opentofu."platforms.linux-x64-musl"]
checksum = "sha256:50a6106fa4de523d09c87af85f3db1dd47535fc005727fdca6852146476b88ec"
url = "https://github.com/opentofu/opentofu/releases/download/v1.12.6/tofu_1.12.6_linux_amd64.tar.gz"
url_api = "https://api.github.com/repos/opentofu/opentofu/releases/assets/520762723"

[tools.opentofu."platforms.macos-arm64"]
checksum = "sha256:f958ec5e511063be9feb180ca015a4cb7977566a9cf6a8550bba8c2a9b5aba74"
url = "https://github.com/opentofu/opentofu/releases/download/v1.12.6/tofu_1.12.6_darwin_arm64.tar.gz"
url_api = "https://api.github.com/repos/opentofu/opentofu/releases/assets/520762710"

[tools.opentofu."platforms.macos-x64"]
checksum = "sha256:44bb1855f372f17f365fb94517906e78da5001da10f4c98de57a39bf982f3a92"
url = "https://github.com/opentofu/opentofu/releases/download/v1.12.6/tofu_1.12.6_darwin_amd64.tar.gz"
url_api = "https://api.github.com/repos/opentofu/opentofu/releases/assets/520762655"

[tools.opentofu."platforms.windows-x64"]
checksum = "sha256:bcbcd9ca744af6c4053e2d5e75dae79ff33ad7dc38d45e1233e693d096284538"
url = "https://github.com/opentofu/opentofu/releases/download/v1.12.6/tofu_1.12.6_windows_amd64.tar.gz"
url_api = "https://api.github.com/repos/opentofu/opentofu/releases/assets/520762708"

[[tools.task]]
version = "3.53.1"
backend = "aqua:go-task/task"

[tools.task."platforms.linux-arm64"]
checksum = "sha256:e3ad19101493a0112e1f22ae8ccc54bf03e533b1076a0ca1e6c782a09ad2e588"
url = "https://github.com/go-task/task/releases/download/v3.53.1/task_linux_arm64.tar.gz"
url_api = "https://api.github.com/repos/go-task/task/releases/assets/519645523"

[tools.task."platforms.linux-arm64-musl"]
checksum = "sha256:e3ad19101493a0112e1f22ae8ccc54bf03e533b1076a0ca1e6c782a09ad2e588"
url = "https://github.com/go-task/task/releases/download/v3.53.1/task_linux_arm64.tar.gz"
url_api = "https://api.github.com/repos/go-task/task/releases/assets/519645523"

[tools.task."platforms.linux-x64"]
checksum = "sha256:a54a408f6861ff921f6e87774180db31bacd8c1e7c944ca696db9fea49a82fc7"
url = "https://github.com/go-task/task/releases/download/v3.53.1/task_linux_amd64.tar.gz"
url_api = "https://api.github.com/repos/go-task/task/releases/assets/519645449"

[tools.task."platforms.linux-x64-musl"]
checksum = "sha256:a54a408f6861ff921f6e87774180db31bacd8c1e7c944ca696db9fea49a82fc7"
url = "https://github.com/go-task/task/releases/download/v3.53.1/task_linux_amd64.tar.gz"
url_api = "https://api.github.com/repos/go-task/task/releases/assets/519645449"

[tools.task."platforms.macos-arm64"]
checksum = "sha256:85d2d96c2380b33d7855b07b3f7a20dc7ca0eda999a26efa0fb5f6f32b366cd7"
url = "https://github.com/go-task/task/releases/download/v3.53.1/task_darwin_arm64.tar.gz"
url_api = "https://api.github.com/repos/go-task/task/releases/assets/519645491"

[tools.task."platforms.macos-x64"]
checksum = "sha256:7f1a702d54a789cb818a636039a83df071f4179893133afafa4eba351a7e19ef"
url = "https://github.com/go-task/task/releases/download/v3.53.1/task_darwin_amd64.tar.gz"
url_api = "https://api.github.com/repos/go-task/task/releases/assets/519645492"

[tools.task."platforms.windows-x64"]
checksum = "sha256:27c0cd248c12cba03d8958d954a3df981c900be885ec9ce5f6a3cdc4e9a19316"
url = "https://github.com/go-task/task/releases/download/v3.53.1/task_windows_amd64.zip"
url_api = "https://api.github.com/repos/go-task/task/releases/assets/519645548"

[[tools.terragrunt]]
version = "1.1.6"
backend = "aqua:gruntwork-io/terragrunt"

[tools.terragrunt."platforms.linux-arm64"]
checksum = "sha256:6f26b85e0befe77ac5f6777f810d8560e56a55cf87d9980fc2b9e29b2d347377"
url = "https://github.com/gruntwork-io/terragrunt/releases/download/v1.1.6/terragrunt_linux_arm64.tar.gz"
url_api = "https://api.github.com/repos/gruntwork-io/terragrunt/releases/assets/579002232"

[tools.terragrunt."platforms.linux-arm64-musl"]
checksum = "sha256:6f26b85e0befe77ac5f6777f810d8560e56a55cf87d9980fc2b9e29b2d347377"
url = "https://github.com/gruntwork-io/terragrunt/releases/download/v1.1.6/terragrunt_linux_arm64.tar.gz"
url_api = "https://api.github.com/repos/gruntwork-io/terragrunt/releases/assets/579002232"

[tools.terragrunt."platforms.linux-x64"]
checksum = "sha256:5dca0e3518445199ecfd8c356532e3f134bf3082b092cd2fd61f143ab9ea7a06"
url = "https://github.com/gruntwork-io/terragrunt/releases/download/v1.1.6/terragrunt_linux_amd64.tar.gz"
url_api = "https://api.github.com/repos/gruntwork-io/terragrunt/releases/assets/579002043"

[tools.terragrunt."platforms.linux-x64-musl"]
checksum = "sha256:5dca0e3518445199ecfd8c356532e3f134bf3082b092cd2fd61f143ab9ea7a06"
url = "https://github.com/gruntwork-io/terragrunt/releases/download/v1.1.6/terragrunt_linux_amd64.tar.gz"
url_api = "https://api.github.com/repos/gruntwork-io/terragrunt/releases/assets/579002043"

[tools.terragrunt."platforms.macos-arm64"]
checksum = "sha256:c801b7c085a893ccbc5b9844522415e7bf1486d0a11341db793e76e61dc4c5f5"
url = "https://github.com/gruntwork-io/terragrunt/releases/download/v1.1.6/terragrunt_darwin_arm64.tar.gz"
url_api = "https://api.github.com/repos/gruntwork-io/terragrunt/releases/assets/579001652"

[tools.terragrunt."platforms.macos-x64"]
checksum = "sha256:bcf9f95a8ff2af20998a7baca477a5ea2b2869c86ca4d4d787c619612b00d257"
url = "https://github.com/gruntwork-io/terragrunt/releases/download/v1.1.6/terragrunt_darwin_amd64.tar.gz"
url_api = "https://api.github.com/repos/gruntwork-io/terragrunt/releases/assets/579001440"

[tools.terragrunt."platforms.windows-x64"]
checksum = "sha256:0f71dae898d43e50a5935c4e74062c53253c0c8e4aded0ccb302a7ae6fdceaa3"
url = "https://github.com/gruntwork-io/terragrunt/releases/download/v1.1.6/terragrunt_windows_amd64.exe.tar.gz"
url_api = "https://api.github.com/repos/gruntwork-io/terragrunt/releases/assets/579002572"

[[tools.uv]]
version = "0.12.18"
backend = "aqua:astral-sh/uv"

[tools.uv."platforms.linux-arm64"]
checksum = "sha256:0796973fb3eea8095078c3d0659bd17a5f6789a71b8dd85caff2483178f78ac3"
url = "https://github.com/astral-sh/uv/releases/download/0.12.18/uv-aarch64-unknown-linux-musl.tar.gz"
url_api = "https://api.github.com/repos/astral-sh/uv/releases/assets/582430577"

[tools.uv."platforms.linux-arm64-musl"]
checksum = "sha256:0796973fb3eea8095078c3d0659bd17a5f6789a71b8dd85caff2483178f78ac3"
url = "https://github.com/astral-sh/uv/releases/download/0.12.18/uv-aarch64-unknown-linux-musl.tar.gz"
url_api = "https://api.github.com/repos/astral-sh/uv/releases/assets/582430577"

[tools.uv."platforms.linux-x64"]
checksum = "sha256:e38d97460b98ebfd31b197de0fe9fa578add4bc8ba0179b203dd3f87b99f98e6"
url = "https://github.com/astral-sh/uv/releases/download/0.12.18/uv-x86_64-unknown-linux-musl.tar.gz"
url_api = "https://api.github.com/repos/astral-sh/uv/releases/assets/582430675"

[tools.uv."platforms.linux-x64-musl"]
checksum = "sha256:e38d97460b98ebfd31b197de0fe9fa578add4bc8ba0179b203dd3f87b99f98e6"
url = "https://github.com/astral-sh/uv/releases/download/0.12.18/uv-x86_64-unknown-linux-musl.tar.gz"
url_api = "https://api.github.com/repos/astral-sh/uv/releases/assets/582430675"

[tools.uv."platforms.macos-arm64"]
checksum = "sha256:cf40e0c6a202190ccd9e0406dcfdd5b2d6668a9a5c779b17948963df32aafe5b"
url = "https://github.com/astral-sh/uv/releases/download/0.12.18/uv-aarch64-apple-darwin.tar.gz"
url_api = "https://api.github.com/repos/astral-sh/uv/releases/assets/582430554"

[tools.uv."platforms.macos-x64"]
checksum = "sha256:2e4108f5395397c8bc5d43bf83d3bdbb2d0e92b90d0efa607756be704905fa33"
url = "https://github.com/astral-sh/uv/releases/download/0.12.18/uv-x86_64-apple-darwin.tar.gz"
url_api = "https://api.github.com/repos/astral-sh/uv/releases/assets/582430660"

[tools.uv."platforms.windows-x64"]
checksum = "sha256:cae6a3bc25239f83dffb467a4b180508d9da23986c04639ebfa44e43e6a84bff"
url = "https://github.com/astral-sh/uv/releases/download/0.12.18/uv-x86_64-pc-windows-msvc.zip"
url_api = "https://api.github.com/repos/astral-sh/uv/releases/assets/582430665"

[[tools.yamlfmt]]
version = "0.21.0"
backend = "aqua:google/yamlfmt"

[tools.yamlfmt."platforms.linux-arm64"]
checksum = "sha256:5b2689c963b177271330c5ce8ca7396751107e5a826be46f03d2cb9b6f0c7784"
url = "https://github.com/google/yamlfmt/releases/download/v0.21.0/yamlfmt_0.21.0_Linux_arm64.tar.gz"
url_api = "https://api.github.com/repos/google/yamlfmt/releases/assets/336650208"

[tools.yamlfmt."platforms.linux-arm64-musl"]
checksum = "sha256:5b2689c963b177271330c5ce8ca7396751107e5a826be46f03d2cb9b6f0c7784"
url = "https://github.com/google/yamlfmt/releases/download/v0.21.0/yamlfmt_0.21.0_Linux_arm64.tar.gz"
url_api = "https://api.github.com/repos/google/yamlfmt/releases/assets/336650208"

[tools.yamlfmt."platforms.linux-x64"]
checksum = "sha256:1f300d9257b232bb3b541d7fb1b0e6b3c121bcbab381c86cd38cb8722be8a566"
url = "https://github.com/google/yamlfmt/releases/download/v0.21.0/yamlfmt_0.21.0_Linux_x86_64.tar.gz"
url_api = "https://api.github.com/repos/google/yamlfmt/releases/assets/336650203"

[tools.yamlfmt."platforms.linux-x64-musl"]
checksum = "sha256:1f300d9257b232bb3b541d7fb1b0e6b3c121bcbab381c86cd38cb8722be8a566"
url = "https://github.com/google/yamlfmt/releases/download/v0.21.0/yamlfmt_0.21.0_Linux_x86_64.tar.gz"
url_api = "https://api.github.com/repos/google/yamlfmt/releases/assets/336650203"

[tools.yamlfmt."platforms.macos-arm64"]
checksum = "sha256:4b417ecb94339d57e4c122ecc948c1a00fe328b5853266de9806e652a92858fa"
url = "https://github.com/google/yamlfmt/releases/download/v0.21.0/yamlfmt_0.21.0_Darwin_arm64.tar.gz"
url_api = "https://api.github.com/repos/google/yamlfmt/releases/assets/336650209"

[tools.yamlfmt."platforms.macos-x64"]
checksum = "sha256:060e943bcb8583c456810eb1ff4721b4f46c4a0c1a4432449d5dc3bbfe29a22b"
url = "https://github.com/google/yamlfmt/releases/download/v0.21.0/yamlfmt_0.21.0_Darwin_x86_64.tar.gz"
url_api = "https://api.github.com/repos/google/yamlfmt/releases/assets/336650207"

[tools.yamlfmt."platforms.windows-x64"]
checksum = "sha256:07f80ce5d741eb4b0a9380ac78a19c7cb5bd44e2a9a47a5a04839e3ba54dd463"
url = "https://github.com/google/yamlfmt/releases/download/v0.21.0/yamlfmt_0.21.0_Windows_x86_64.tar.gz"
url_api = "https://api.github.com/repos/google/yamlfmt/releases/assets/336650206"
