# @generated - this file is auto-generated by `mise lock` https://mise.jdx.dev/dev-tools/mise-lock.html

[[tools.actionlint]]
version = "1.7.12"
backend = "aqua:rhysd/actionlint"

[tools.actionlint."platforms.linux-arm64"]
checksum = "sha256:325e971b6ba9bfa504672e29be93c24981eeb1c07576d730e9f7c8805afff0c6"
url = "https://github.com/rhysd/actionlint/releases/download/v1.7.12/actionlint_1.7.12_linux_arm64.tar.gz"
url_api = "https://api.github.com/repos/rhysd/actionlint/releases/assets/384924897"

[tools.actionlint."platforms.linux-arm64-musl"]
checksum = "sha256:325e971b6ba9bfa504672e29be93c24981eeb1c07576d730e9f7c8805afff0c6"
url = "https://github.com/rhysd/actionlint/releases/download/v1.7.12/actionlint_1.7.12_linux_arm64.tar.gz"
url_api = "https://api.github.com/repos/rhysd/actionlint/releases/assets/384924897"

[tools.actionlint."platforms.linux-x64"]
checksum = "sha256:8aca8db96f1b94770f1b0d72b6dddcb1ebb8123cb3712530b08cc387b349a3d8"
url = "https://github.com/rhysd/actionlint/releases/download/v1.7.12/actionlint_1.7.12_linux_amd64.tar.gz"
url_api = "https://api.github.com/repos/rhysd/actionlint/releases/assets/384924896"

[tools.actionlint."platforms.linux-x64-musl"]
checksum = "sha256:8aca8db96f1b94770f1b0d72b6dddcb1ebb8123cb3712530b08cc387b349a3d8"
url = "https://github.com/rhysd/actionlint/releases/download/v1.7.12/actionlint_1.7.12_linux_amd64.tar.gz"
url_api = "https://api.github.com/repos/rhysd/actionlint/releases/assets/384924896"

[tools.actionlint."platforms.macos-arm64"]
checksum = "sha256:aba9ced2dee8d27fecca3dc7feb1a7f9a52caefa1eb46f3271ea66b6e0e6953f"
url = "https://github.com/rhysd/actionlint/releases/download/v1.7.12/actionlint_1.7.12_darwin_arm64.tar.gz"
url_api = "https://api.github.com/repos/rhysd/actionlint/releases/assets/384924893"

[tools.actionlint."platforms.macos-x64"]
checksum = "sha256:5b44c3bc2255115c9b69e30efc0fecdf498fdb63c5d58e17084fd5f16324c644"
url = "https://github.com/rhysd/actionlint/releases/download/v1.7.12/actionlint_1.7.12_darwin_amd64.tar.gz"
url_api = "https://api.github.com/repos/rhysd/actionlint/releases/assets/384924880"

[tools.actionlint."platforms.windows-x64"]
checksum = "sha256:6e7241b51e6817ea6a047693d8e6fed13b31819c9a0dd6c5a726e1592d22f6e9"
url = "https://github.com/rhysd/actionlint/releases/download/v1.7.12/actionlint_1.7.12_windows_amd64.zip"
url_api = "https://api.github.com/repos/rhysd/actionlint/releases/assets/384924919"

[[tools.awscli]]
version = "2.35.11"
backend = "aqua:aws/aws-cli"

[tools.awscli."platforms.linux-arm64"]
url = "https://awscli.amazonaws.com/awscli-exe-linux-aarch64-2.35.11.zip"

[tools.awscli."platforms.linux-arm64-musl"]
url = "https://awscli.amazonaws.com/awscli-exe-linux-aarch64-2.35.11.zip"

[tools.awscli."platforms.linux-x64"]
url = "https://awscli.amazonaws.com/awscli-exe-linux-x86_64-2.35.11.zip"

[tools.awscli."platforms.linux-x64-musl"]
url = "https://awscli.amazonaws.com/awscli-exe-linux-x86_64-2.35.11.zip"

[tools.awscli."platforms.macos-arm64"]
url = "https://awscli.amazonaws.com/AWSCLIV2-2.35.11.pkg"

[tools.awscli."platforms.macos-x64"]
url = "https://awscli.amazonaws.com/AWSCLIV2-2.35.11.pkg"

[[tools.gh]]
version = "2.97.0"
backend = "aqua:cli/cli"

[tools.gh."platforms.linux-arm64"]
checksum = "sha256:73ea440ecad9c9e284429997ee6f93577bc6f7bc6fba357ef62c53ad8fb641a5"
url = "https://github.com/cli/cli/releases/download/v2.97.0/gh_2.97.0_linux_arm64.tar.gz"
url_api = "https://api.github.com/repos/cli/cli/releases/assets/496108278"

[tools.gh."platforms.linux-arm64-musl"]
checksum = "sha256:73ea440ecad9c9e284429997ee6f93577bc6f7bc6fba357ef62c53ad8fb641a5"
url = "https://github.com/cli/cli/releases/download/v2.97.0/gh_2.97.0_linux_arm64.tar.gz"
url_api = "https://api.github.com/repos/cli/cli/releases/assets/496108278"

[tools.gh."platforms.linux-x64"]
checksum = "sha256:a2c9b8497e1f85b1ad0dfcb78b5a622e098801b8e461e459e88e1ee12f018112"
url = "https://github.com/cli/cli/releases/download/v2.97.0/gh_2.97.0_linux_amd64.tar.gz"
url_api = "https://api.github.com/repos/cli/cli/releases/assets/496108269"

[tools.gh."platforms.linux-x64-musl"]
checksum = "sha256:a2c9b8497e1f85b1ad0dfcb78b5a622e098801b8e461e459e88e1ee12f018112"
url = "https://github.com/cli/cli/releases/download/v2.97.0/gh_2.97.0_linux_amd64.tar.gz"
url_api = "https://api.github.com/repos/cli/cli/releases/assets/496108269"

[tools.gh."platforms.macos-arm64"]
checksum = "sha256:a58b8fd77b417a38f47a0b54d1370c59b0fcdb324ccc9ca002b0998f7c4c999e"
url = "https://github.com/cli/cli/releases/download/v2.97.0/gh_2.97.0_macOS_arm64.zip"
url_api = "https://api.github.com/repos/cli/cli/releases/assets/496108298"

[tools.gh."platforms.macos-x64"]
checksum = "sha256:63298c998cc2a924c9e254c6af6a1caad6ece281122687a91f079bc0a462700e"
url = "https://github.com/cli/cli/releases/download/v2.97.0/gh_2.97.0_macOS_amd64.zip"
url_api = "https://api.github.com/repos/cli/cli/releases/assets/496108300"

[tools.gh."platforms.windows-x64"]
checksum = "sha256:35d7fe05c4dd1411ffda1e73dfc7c6f44b75c936ca51fa6595c657fdc0350cec"
url = "https://github.com/cli/cli/releases/download/v2.97.0/gh_2.97.0_windows_amd64.zip"
url_api = "https://api.github.com/repos/cli/cli/releases/assets/496108319"

[[tools.glow]]
version = "2.1.2"
backend = "aqua:charmbracelet/glow"

[tools.glow."platforms.linux-arm64"]
checksum = "sha256:cf63abebcb50b72909db965d78290e7cecbf17a900e84705dc84addbb6952099"
url = "https://github.com/charmbracelet/glow/releases/download/v2.1.2/glow_2.1.2_Linux_arm64.tar.gz"
url_api = "https://api.github.com/repos/charmbracelet/glow/releases/assets/392672283"
provenance = "cosign"

[tools.glow."platforms.linux-arm64-musl"]
checksum = "sha256:cf63abebcb50b72909db965d78290e7cecbf17a900e84705dc84addbb6952099"
url = "https://github.com/charmbracelet/glow/releases/download/v2.1.2/glow_2.1.2_Linux_arm64.tar.gz"
url_api = "https://api.github.com/repos/charmbracelet/glow/releases/assets/392672283"
provenance = "cosign"

[tools.glow."platforms.linux-x64"]
checksum = "sha256:6063d4f2af8a82a5f4bba0831e165de9381660aa8b41df4816d0106a265b07d5"
url = "https://github.com/charmbracelet/glow/releases/download/v2.1.2/glow_2.1.2_Linux_x86_64.tar.gz"
url_api = "https://api.github.com/repos/charmbracelet/glow/releases/assets/392672271"
provenance = "cosign"

[tools.glow."platforms.linux-x64-musl"]
checksum = "sha256:6063d4f2af8a82a5f4bba0831e165de9381660aa8b41df4816d0106a265b07d5"
url = "https://github.com/charmbracelet/glow/releases/download/v2.1.2/glow_2.1.2_Linux_x86_64.tar.gz"
url_api = "https://api.github.com/repos/charmbracelet/glow/releases/assets/392672271"
provenance = "cosign"

[tools.glow."platforms.macos-arm64"]
checksum = "sha256:6f7abfb47de69fbf7b0e67d2fa019cc554916e8b6694f9877212be89fc7ebb8c"
url = "https://github.com/charmbracelet/glow/releases/download/v2.1.2/glow_2.1.2_Darwin_arm64.tar.gz"
url_api = "https://api.github.com/repos/charmbracelet/glow/releases/assets/392672279"
provenance = "cosign"

[tools.glow."platforms.macos-x64"]
checksum = "sha256:8cbc78a4947c68e804edf34d36070153fcc5d424873152da83ad6be14fa88ed3"
url = "https://github.com/charmbracelet/glow/releases/download/v2.1.2/glow_2.1.2_Darwin_x86_64.tar.gz"
url_api = "https://api.github.com/repos/charmbracelet/glow/releases/assets/392672278"
provenance = "cosign"

[tools.glow."platforms.windows-x64"]
checksum = "sha256:9bc12fce6061b0dd45325401b0d11ec2e45981b76eef2b7fa3c0f941ba5c0b39"
url = "https://github.com/charmbracelet/glow/releases/download/v2.1.2/glow_2.1.2_Windows_x86_64.zip"
url_api = "https://api.github.com/repos/charmbracelet/glow/releases/assets/392672345"
provenance = "cosign"

[[tools.node]]
version = "26.3.1"
backend = "core:node"

[tools.node."platforms.linux-arm64"]
checksum = "sha256:2f0829b201e9db20996ae15bce62138df1e3d317775b005778b05cf7b19714f1"
url = "https://nodejs.org/dist/v26.3.1/node-v26.3.1-linux-arm64.tar.gz"

[tools.node."platforms.linux-arm64-musl"]
checksum = "sha256:e9d31a59e9164ad4be47e3148fc54964a9c275394f367e127eed1a0b3009c706"
url = "https://unofficial-builds.nodejs.org/download/release/v26.3.1/node-v26.3.1-linux-arm64-musl.tar.gz"

[tools.node."platforms.linux-x64"]
checksum = "sha256:e892cd615e637edebcf22f9653d80fba63167ad6754d20881fd52cc37be81441"
url = "https://nodejs.org/dist/v26.3.1/node-v26.3.1-linux-x64.tar.gz"

[tools.node."platforms.linux-x64-musl"]
checksum = "sha256:4d1a7bebcc0ee2534edc2d5f93cad34435ed4b601766d26b706c043727d4cca5"
url = "https://unofficial-builds.nodejs.org/download/release/v26.3.1/node-v26.3.1-linux-x64-musl.tar.gz"

[tools.node."platforms.macos-arm64"]
checksum = "sha256:3f624ab0d774553c0d28b968e141d8c676a35a2811fb0b7b356ba9cbdce15f74"
url = "https://nodejs.org/dist/v26.3.1/node-v26.3.1-darwin-arm64.tar.gz"

[tools.node."platforms.macos-x64"]
checksum = "sha256:3ec9e5a28c641c088f3d04ad38721bfdedb2f8aa8c031979fa93df08b5a92e58"
url = "https://nodejs.org/dist/v26.3.1/node-v26.3.1-darwin-x64.tar.gz"

[tools.node."platforms.windows-x64"]
checksum = "sha256:45001b289ebffe7b22260898f3750059183d8246042b88e8ffa4337e65e6763e"
url = "https://nodejs.org/dist/v26.3.1/node-v26.3.1-win-x64.zip"

[[tools.op]]
version = "2.34.0"
backend = "vfox:op"

[tools.op."platforms.linux-arm64"]
url = "https://cache.agilebits.com/dist/1P/op2/pkg/v2.34.0/op_linux_arm64_v2.34.0.zip"

[tools.op."platforms.linux-arm64-musl"]
url = "https://cache.agilebits.com/dist/1P/op2/pkg/v2.34.0/op_linux_arm64_v2.34.0.zip"

[tools.op."platforms.linux-x64"]
url = "https://cache.agilebits.com/dist/1P/op2/pkg/v2.34.0/op_linux_amd64_v2.34.0.zip"

[tools.op."platforms.linux-x64-musl"]
url = "https://cache.agilebits.com/dist/1P/op2/pkg/v2.34.0/op_linux_amd64_v2.34.0.zip"

[tools.op."platforms.macos-arm64"]
url = "https://cache.agilebits.com/dist/1P/op2/pkg/v2.34.0/op_darwin_arm64_v2.34.0.zip"

[tools.op."platforms.macos-x64"]
url = "https://cache.agilebits.com/dist/1P/op2/pkg/v2.34.0/op_darwin_amd64_v2.34.0.zip"

[tools.op."platforms.windows-x64"]
url = "https://cache.agilebits.com/dist/1P/op2/pkg/v2.34.0/op_windows_amd64_v2.34.0.zip"

[[tools.opentofu]]
version = "1.12.3"
backend = "aqua:opentofu/opentofu"

[tools.opentofu."platforms.linux-arm64"]
checksum = "sha256:98861dad4ac08882dcf255fe5d48bed7deddc34e8d6544f8690c65212320ad64"
url = "https://github.com/opentofu/opentofu/releases/download/v1.12.3/tofu_1.12.3_linux_arm64.tar.gz"
url_api = "https://api.github.com/repos/opentofu/opentofu/releases/assets/451267208"

[tools.opentofu."platforms.linux-arm64-musl"]
checksum = "sha256:98861dad4ac08882dcf255fe5d48bed7deddc34e8d6544f8690c65212320ad64"
url = "https://github.com/opentofu/opentofu/releases/download/v1.12.3/tofu_1.12.3_linux_arm64.tar.gz"
url_api = "https://api.github.com/repos/opentofu/opentofu/releases/assets/451267208"

[tools.opentofu."platforms.linux-x64"]
checksum = "sha256:f87d45408dcbb963ddbe10b2f75e55b3495310556e05c35765dfd5913551f182"
url = "https://github.com/opentofu/opentofu/releases/download/v1.12.3/tofu_1.12.3_linux_amd64.tar.gz"
url_api = "https://api.github.com/repos/opentofu/opentofu/releases/assets/451267210"

[tools.opentofu."platforms.linux-x64-musl"]
checksum = "sha256:f87d45408dcbb963ddbe10b2f75e55b3495310556e05c35765dfd5913551f182"
url = "https://github.com/opentofu/opentofu/releases/download/v1.12.3/tofu_1.12.3_linux_amd64.tar.gz"
url_api = "https://api.github.com/repos/opentofu/opentofu/releases/assets/451267210"

[tools.opentofu."platforms.macos-arm64"]
checksum = "sha256:0c8ddee4294f7cea34d82b122fa805febce41d21905a54dc9ce9f79ee8145284"
url = "https://github.com/opentofu/opentofu/releases/download/v1.12.3/tofu_1.12.3_darwin_arm64.tar.gz"
url_api = "https://api.github.com/repos/opentofu/opentofu/releases/assets/451267265"

[tools.opentofu."platforms.macos-x64"]
checksum = "sha256:e4d5fa86cfbe7eb8b56ec19e4c7e0bc7885845ca4e4a955c49d184ae82c62ab2"
url = "https://github.com/opentofu/opentofu/releases/download/v1.12.3/tofu_1.12.3_darwin_amd64.tar.gz"
url_api = "https://api.github.com/repos/opentofu/opentofu/releases/assets/451267293"

[tools.opentofu."platforms.windows-x64"]
checksum = "sha256:34ddbab9eb07a72ea5cf36d98d97ce1931242cb89693cbf5dce06d65ba37d8cc"
url = "https://github.com/opentofu/opentofu/releases/download/v1.12.3/tofu_1.12.3_windows_amd64.tar.gz"
url_api = "https://api.github.com/repos/opentofu/opentofu/releases/assets/451267166"

[[tools.task]]
version = "3.51.1"
backend = "aqua:go-task/task"

[tools.task."platforms.linux-arm64"]
checksum = "sha256:49c58bb00eff2449a5553f3b3e694fc424e0dc04d5c669d8831126daee1000f8"
url = "https://github.com/go-task/task/releases/download/v3.51.1/task_linux_arm64.tar.gz"
url_api = "https://api.github.com/repos/go-task/task/releases/assets/422054392"

[tools.task."platforms.linux-arm64-musl"]
checksum = "sha256:49c58bb00eff2449a5553f3b3e694fc424e0dc04d5c669d8831126daee1000f8"
url = "https://github.com/go-task/task/releases/download/v3.51.1/task_linux_arm64.tar.gz"
url_api = "https://api.github.com/repos/go-task/task/releases/assets/422054392"

[tools.task."platforms.linux-x64"]
checksum = "sha256:da7e92f0ff961ef2aae7cfecbad8d1fd2a08d7b09ba968673adf7ff389b243b5"
url = "https://github.com/go-task/task/releases/download/v3.51.1/task_linux_amd64.tar.gz"
url_api = "https://api.github.com/repos/go-task/task/releases/assets/422054344"

[tools.task."platforms.linux-x64-musl"]
checksum = "sha256:da7e92f0ff961ef2aae7cfecbad8d1fd2a08d7b09ba968673adf7ff389b243b5"
url = "https://github.com/go-task/task/releases/download/v3.51.1/task_linux_amd64.tar.gz"
url_api = "https://api.github.com/repos/go-task/task/releases/assets/422054344"

[tools.task."platforms.macos-arm64"]
checksum = "sha256:a0330f0df20dd1187e323f284a7f365c0ea1f2f271c1e154811e9fc4724bed13"
url = "https://github.com/go-task/task/releases/download/v3.51.1/task_darwin_arm64.tar.gz"
url_api = "https://api.github.com/repos/go-task/task/releases/assets/422054327"

[tools.task."platforms.macos-x64"]
checksum = "sha256:08b0a2107c56940e1fc7be15ebd5999f28a867925cfcd619393f8075fef67409"
url = "https://github.com/go-task/task/releases/download/v3.51.1/task_darwin_amd64.tar.gz"
url_api = "https://api.github.com/repos/go-task/task/releases/assets/422054326"

[tools.task."platforms.windows-x64"]
checksum = "sha256:422d79dff5afd5a55fb46ae1cfacc7350ec96d4ef27a63a3ec77a5c30a7b0f03"
url = "https://github.com/go-task/task/releases/download/v3.51.1/task_windows_amd64.zip"
url_api = "https://api.github.com/repos/go-task/task/releases/assets/422054329"

[[tools.terragrunt]]
version = "1.0.8"
backend = "aqua:gruntwork-io/terragrunt"

[tools.terragrunt."platforms.linux-arm64"]
checksum = "sha256:31cf316e1294a9514e9c8738f66d6ce02f868cb0ca7066ce5b460efaa1a8df1c"
url = "https://github.com/gruntwork-io/terragrunt/releases/download/v1.0.8/terragrunt_linux_arm64.tar.gz"
url_api = "https://api.github.com/repos/gruntwork-io/terragrunt/releases/assets/443994830"

[tools.terragrunt."platforms.linux-arm64-musl"]
checksum = "sha256:31cf316e1294a9514e9c8738f66d6ce02f868cb0ca7066ce5b460efaa1a8df1c"
url = "https://github.com/gruntwork-io/terragrunt/releases/download/v1.0.8/terragrunt_linux_arm64.tar.gz"
url_api = "https://api.github.com/repos/gruntwork-io/terragrunt/releases/assets/443994830"

[tools.terragrunt."platforms.linux-x64"]
checksum = "sha256:6215504eba5a0730a11bec689a70b8afff39e62f00564ef557f2b6ab58ae3449"
url = "https://github.com/gruntwork-io/terragrunt/releases/download/v1.0.8/terragrunt_linux_amd64.tar.gz"
url_api = "https://api.github.com/repos/gruntwork-io/terragrunt/releases/assets/443994742"

[tools.terragrunt."platforms.linux-x64-musl"]
checksum = "sha256:6215504eba5a0730a11bec689a70b8afff39e62f00564ef557f2b6ab58ae3449"
url = "https://github.com/gruntwork-io/terragrunt/releases/download/v1.0.8/terragrunt_linux_amd64.tar.gz"
url_api = "https://api.github.com/repos/gruntwork-io/terragrunt/releases/assets/443994742"

[tools.terragrunt."platforms.macos-arm64"]
checksum = "sha256:0e264bff760356bf5bff4868ebf428583bd19522ea0d714d2834182d121631a7"
url = "https://github.com/gruntwork-io/terragrunt/releases/download/v1.0.8/terragrunt_darwin_arm64.tar.gz"
url_api = "https://api.github.com/repos/gruntwork-io/terragrunt/releases/assets/443994425"

[tools.terragrunt."platforms.macos-x64"]
checksum = "sha256:3e9482097b912e3e3ae802b2b1ba95113dc68cde884680a640fa82d573d629d0"
url = "https://github.com/gruntwork-io/terragrunt/releases/download/v1.0.8/terragrunt_darwin_amd64.tar.gz"
url_api = "https://api.github.com/repos/gruntwork-io/terragrunt/releases/assets/443994333"

[tools.terragrunt."platforms.windows-x64"]
checksum = "sha256:e9754e0fe6ef7ed381015efdaa898f6ae6f1a7e3e640e69940886ced66ab6544"
url = "https://github.com/gruntwork-io/terragrunt/releases/download/v1.0.8/terragrunt_windows_amd64.exe.tar.gz"
url_api = "https://api.github.com/repos/gruntwork-io/terragrunt/releases/assets/443995040"

[[tools.uv]]
version = "0.11.23"
backend = "aqua:astral-sh/uv"

[tools.uv."platforms.linux-arm64"]
checksum = "sha256:80efb615b78c1e5721e5858135cd3499609b26741220332c843bd58936053bc6"
url = "https://github.com/astral-sh/uv/releases/download/0.11.23/uv-aarch64-unknown-linux-musl.tar.gz"
url_api = "https://api.github.com/repos/astral-sh/uv/releases/assets/452403853"

[tools.uv."platforms.linux-arm64-musl"]
checksum = "sha256:80efb615b78c1e5721e5858135cd3499609b26741220332c843bd58936053bc6"
url = "https://github.com/astral-sh/uv/releases/download/0.11.23/uv-aarch64-unknown-linux-musl.tar.gz"
url_api = "https://api.github.com/repos/astral-sh/uv/releases/assets/452403853"

[tools.uv."platforms.linux-x64"]
checksum = "sha256:6be47081100ff1ce0ac7e85ba2ac12e32f2ffa6f946d78bf7f24ee9ce3a46181"
url = "https://github.com/astral-sh/uv/releases/download/0.11.23/uv-x86_64-unknown-linux-musl.tar.gz"
url_api = "https://api.github.com/repos/astral-sh/uv/releases/assets/452403917"

[tools.uv."platforms.linux-x64-musl"]
checksum = "sha256:6be47081100ff1ce0ac7e85ba2ac12e32f2ffa6f946d78bf7f24ee9ce3a46181"
url = "https://github.com/astral-sh/uv/releases/download/0.11.23/uv-x86_64-unknown-linux-musl.tar.gz"
url_api = "https://api.github.com/repos/astral-sh/uv/releases/assets/452403917"

[tools.uv."platforms.macos-arm64"]
checksum = "sha256:71ef9de85db820749b3b12b7585624ee279e9c5afcbc6f8236bc3d628c4305b0"
url = "https://github.com/astral-sh/uv/releases/download/0.11.23/uv-aarch64-apple-darwin.tar.gz"
url_api = "https://api.github.com/repos/astral-sh/uv/releases/assets/452403837"

[tools.uv."platforms.macos-x64"]
checksum = "sha256:7a88155033cc469bba5bd5a24212e355eb92e3e2a276320b669ec576296c1e25"
url = "https://github.com/astral-sh/uv/releases/download/0.11.23/uv-x86_64-apple-darwin.tar.gz"
url_api = "https://api.github.com/repos/astral-sh/uv/releases/assets/452403902"

[tools.uv."platforms.windows-x64"]
checksum = "sha256:02ad29f07e674d68726ba3bb1ff25b335d83515756e2b1a194bb56c3cc30e07c"
url = "https://github.com/astral-sh/uv/releases/download/0.11.23/uv-x86_64-pc-windows-msvc.zip"
url_api = "https://api.github.com/repos/astral-sh/uv/releases/assets/452403903"

[[tools.yamlfmt]]
version = "0.21.0"
backend = "aqua:google/yamlfmt"

[tools.yamlfmt."platforms.linux-arm64"]
checksum = "sha256:5b2689c963b177271330c5ce8ca7396751107e5a826be46f03d2cb9b6f0c7784"
url = "https://github.com/google/yamlfmt/releases/download/v0.21.0/yamlfmt_0.21.0_Linux_arm64.tar.gz"
url_api = "https://api.github.com/repos/google/yamlfmt/releases/assets/336650208"

[tools.yamlfmt."platforms.linux-arm64-musl"]
checksum = "sha256:5b2689c963b177271330c5ce8ca7396751107e5a826be46f03d2cb9b6f0c7784"
url = "https://github.com/google/yamlfmt/releases/download/v0.21.0/yamlfmt_0.21.0_Linux_arm64.tar.gz"
url_api = "https://api.github.com/repos/google/yamlfmt/releases/assets/336650208"

[tools.yamlfmt."platforms.linux-x64"]
checksum = "sha256:1f300d9257b232bb3b541d7fb1b0e6b3c121bcbab381c86cd38cb8722be8a566"
url = "https://github.com/google/yamlfmt/releases/download/v0.21.0/yamlfmt_0.21.0_Linux_x86_64.tar.gz"
url_api = "https://api.github.com/repos/google/yamlfmt/releases/assets/336650203"

[tools.yamlfmt."platforms.linux-x64-musl"]
checksum = "sha256:1f300d9257b232bb3b541d7fb1b0e6b3c121bcbab381c86cd38cb8722be8a566"
url = "https://github.com/google/yamlfmt/releases/download/v0.21.0/yamlfmt_0.21.0_Linux_x86_64.tar.gz"
url_api = "https://api.github.com/repos/google/yamlfmt/releases/assets/336650203"

[tools.yamlfmt."platforms.macos-arm64"]
checksum = "sha256:4b417ecb94339d57e4c122ecc948c1a00fe328b5853266de9806e652a92858fa"
url = "https://github.com/google/yamlfmt/releases/download/v0.21.0/yamlfmt_0.21.0_Darwin_arm64.tar.gz"
url_api = "https://api.github.com/repos/google/yamlfmt/releases/assets/336650209"

[tools.yamlfmt."platforms.macos-x64"]
checksum = "sha256:060e943bcb8583c456810eb1ff4721b4f46c4a0c1a4432449d5dc3bbfe29a22b"
url = "https://github.com/google/yamlfmt/releases/download/v0.21.0/yamlfmt_0.21.0_Darwin_x86_64.tar.gz"
url_api = "https://api.github.com/repos/google/yamlfmt/releases/assets/336650207"

[tools.yamlfmt."platforms.windows-x64"]
checksum = "sha256:07f80ce5d741eb4b0a9380ac78a19c7cb5bd44e2a9a47a5a04839e3ba54dd463"
url = "https://github.com/google/yamlfmt/releases/download/v0.21.0/yamlfmt_0.21.0_Windows_x86_64.tar.gz"
url_api = "https://api.github.com/repos/google/yamlfmt/releases/assets/336650206"
